
Microsoft Visual Studio Solution File, Format Version 12.00
# Visual Studio Version 17
VisualStudioVersion = 17.2.34408.132
MinimumVisualStudioVersion = 10.0.40219.1
Project("{9A19103F-16F7-4668-BE54-9A1E7A4F7556}") = "Dug", "Dug\dug.csproj", "{603401D7-71E7-4526-A285-2C68737AFE8A}"
EndProject
Global
	GlobalSection(SolutionConfigurationPlatforms) = preSolution
		Debug|Any CPU = Debug|Any CPU
		Release|Any CPU = Release|Any CPU
	EndGlobalSection
	GlobalSection(ProjectConfigurationPlatforms) = postSolution
		{603401D7-71E7-4526-A285-2C68737AFE8A}.Debug|Any CPU.ActiveCfg = Debug|Any CPU
		{603401D7-71E7-4526-A285-2C68737AFE8A}.Debug|Any CPU.Build.0 = Debug|Any CPU
		{603401D7-71E7-4526-A285-2C68737AFE8A}.Release|Any CPU.ActiveCfg = Release|Any CPU
		{603401D7-71E7-4526-A285-2C68737AFE8A}.Release|Any CPU.Build.0 = Release|Any CPU
	EndGlobalSection
	GlobalSection(SolutionProperties) = preSolution
		HideSolutionNode = FALSE
	EndGlobalSection
	GlobalSection(ExtensibilityGlobals) = postSolution
		SolutionGuid = {8AB33AD3-0D58-4992-91D8-8E2FFD9817D6}
	EndGlobalSection
EndGlobal
